
Microsoft Visual Studio Solution File, Format Version 12.00
# Visual Studio 15
VisualStudioVersion = 15.0.27703.2018
MinimumVisualStudioVersion = 10.0.40219.1
Project("{FAE04EC0-301F-11D3-BF4B-00C04F79EFBC}") = "LmsApp.Server", "LmsApp.Server\LmsApp.Server.csproj", "{C2D4C19E-F7CC-4C89-A2CF-1E9FB52B698B}"
EndProject
Project("{2150E333-8FDC-42A3-9474-1A3956D46DE8}") = "01 App", "01 App", "{96BE8BE7-3430-48AD-841C-60AB14682588}"
EndProject
Project("{2150E333-8FDC-42A3-9474-1A3956D46DE8}") = "02 Service", "02 Service", "{8CF4909D-F31D-4C9F-B314-73A91B012319}"
EndProject
Project("{2150E333-8FDC-42A3-9474-1A3956D46DE8}") = "03 Repository", "03 Repository", "{2F8C1E71-8AA1-4A49-AA23-2CF4D613221C}"
EndProject
Project("{2150E333-8FDC-42A3-9474-1A3956D46DE8}") = "04 Model", "04 Model", "{728FA0A0-1E2F-4A0D-A808-B1CBDCF75092}"
EndProject
Project("{2150E333-8FDC-42A3-9474-1A3956D46DE8}") = "06 Utility", "06 Utility", "{D0C73927-44A9-46B1-A6AC-AEF9187A734B}"
EndProject
Project("{FAE04EC0-301F-11D3-BF4B-00C04F79EFBC}") = "Model", "Model\Model.csproj", "{6DEF6246-E855-47F6-9CF6-9936B1B617B6}"
EndProject
Project("{FAE04EC0-301F-11D3-BF4B-00C04F79EFBC}") = "ViewModel", "ViewModel\ViewModel.csproj", "{49FE3282-AB4C-4EE4-ADCD-510C614D244B}"
EndProject
Project("{FAE04EC0-301F-11D3-BF4B-00C04F79EFBC}") = "RequstModel", "RequstModel\RequstModel.csproj", "{FD860D97-27B4-430D-B7F1-4F1508A782A7}"
EndProject
Project("{FAE04EC0-301F-11D3-BF4B-00C04F79EFBC}") = "Repository", "Repository\Repository.csproj", "{0D1F39DF-216F-4246-89DE-B2D70CB588E0}"
EndProject
Project("{FAE04EC0-301F-11D3-BF4B-00C04F79EFBC}") = "Service", "Service\Service.csproj", "{63E9E5A5-A152-41A9-BAB8-AEA81F5EA866}"
EndProject
Project("{2150E333-8FDC-42A3-9474-1A3956D46DE8}") = "05 Common", "05 Common", "{EF526FF1-745E-4104-9A83-C6C95070707B}"
EndProject
Project("{FAE04EC0-301F-11D3-BF4B-00C04F79EFBC}") = "Common", "Common\Common.csproj", "{953D4DCD-0440-4BAD-B442-26487AFDF08C}"
EndProject
Global
	GlobalSection(SolutionConfigurationPlatforms) = preSolution
		Debug|Any CPU = Debug|Any CPU
		Release|Any CPU = Release|Any CPU
	EndGlobalSection
	GlobalSection(ProjectConfigurationPlatforms) = postSolution
		{C2D4C19E-F7CC-4C89-A2CF-1E9FB52B698B}.Debug|Any CPU.ActiveCfg = Debug|Any CPU
		{C2D4C19E-F7CC-4C89-A2CF-1E9FB52B698B}.Debug|Any CPU.Build.0 = Debug|Any CPU
		{C2D4C19E-F7CC-4C89-A2CF-1E9FB52B698B}.Release|Any CPU.ActiveCfg = Release|Any CPU
		{C2D4C19E-F7CC-4C89-A2CF-1E9FB52B698B}.Release|Any CPU.Build.0 = Release|Any CPU
		{6DEF6246-E855-47F6-9CF6-9936B1B617B6}.Debug|Any CPU.ActiveCfg = Debug|Any CPU
		{6DEF6246-E855-47F6-9CF6-9936B1B617B6}.Debug|Any CPU.Build.0 = Debug|Any CPU
		{6DEF6246-E855-47F6-9CF6-9936B1B617B6}.Release|Any CPU.ActiveCfg = Release|Any CPU
		{6DEF6246-E855-47F6-9CF6-9936B1B617B6}.Release|Any CPU.Build.0 = Release|Any CPU
		{49FE3282-AB4C-4EE4-ADCD-510C614D244B}.Debug|Any CPU.ActiveCfg = Debug|Any CPU
		{49FE3282-AB4C-4EE4-ADCD-510C614D244B}.Debug|Any CPU.Build.0 = Debug|Any CPU
		{49FE3282-AB4C-4EE4-ADCD-510C614D244B}.Release|Any CPU.ActiveCfg = Release|Any CPU
		{49FE3282-AB4C-4EE4-ADCD-510C614D244B}.Release|Any CPU.Build.0 = Release|Any CPU
		{FD860D97-27B4-430D-B7F1-4F1508A782A7}.Debug|Any CPU.ActiveCfg = Debug|Any CPU
		{FD860D97-27B4-430D-B7F1-4F1508A782A7}.Debug|Any CPU.Build.0 = Debug|Any CPU
		{FD860D97-27B4-430D-B7F1-4F1508A782A7}.Release|Any CPU.ActiveCfg = Release|Any CPU
		{FD860D97-27B4-430D-B7F1-4F1508A782A7}.Release|Any CPU.Build.0 = Release|Any CPU
		{0D1F39DF-216F-4246-89DE-B2D70CB588E0}.Debug|Any CPU.ActiveCfg = Debug|Any CPU
		{0D1F39DF-216F-4246-89DE-B2D70CB588E0}.Debug|Any CPU.Build.0 = Debug|Any CPU
		{0D1F39DF-216F-4246-89DE-B2D70CB588E0}.Release|Any CPU.ActiveCfg = Release|Any CPU
		{0D1F39DF-216F-4246-89DE-B2D70CB588E0}.Release|Any CPU.Build.0 = Release|Any CPU
		{63E9E5A5-A152-41A9-BAB8-AEA81F5EA866}.Debug|Any CPU.ActiveCfg = Debug|Any CPU
		{63E9E5A5-A152-41A9-BAB8-AEA81F5EA866}.Debug|Any CPU.Build.0 = Debug|Any CPU
		{63E9E5A5-A152-41A9-BAB8-AEA81F5EA866}.Release|Any CPU.ActiveCfg = Release|Any CPU
		{63E9E5A5-A152-41A9-BAB8-AEA81F5EA866}.Release|Any CPU.Build.0 = Release|Any CPU
		{953D4DCD-0440-4BAD-B442-26487AFDF08C}.Debug|Any CPU.ActiveCfg = Debug|Any CPU
		{953D4DCD-0440-4BAD-B442-26487AFDF08C}.Debug|Any CPU.Build.0 = Debug|Any CPU
		{953D4DCD-0440-4BAD-B442-26487AFDF08C}.Release|Any CPU.ActiveCfg = Release|Any CPU
		{953D4DCD-0440-4BAD-B442-26487AFDF08C}.Release|Any CPU.Build.0 = Release|Any CPU
	EndGlobalSection
	GlobalSection(SolutionProperties) = preSolution
		HideSolutionNode = FALSE
	EndGlobalSection
	GlobalSection(NestedProjects) = preSolution
		{C2D4C19E-F7CC-4C89-A2CF-1E9FB52B698B} = {96BE8BE7-3430-48AD-841C-60AB14682588}
		{6DEF6246-E855-47F6-9CF6-9936B1B617B6} = {728FA0A0-1E2F-4A0D-A808-B1CBDCF75092}
		{49FE3282-AB4C-4EE4-ADCD-510C614D244B} = {728FA0A0-1E2F-4A0D-A808-B1CBDCF75092}
		{FD860D97-27B4-430D-B7F1-4F1508A782A7} = {728FA0A0-1E2F-4A0D-A808-B1CBDCF75092}
		{0D1F39DF-216F-4246-89DE-B2D70CB588E0} = {2F8C1E71-8AA1-4A49-AA23-2CF4D613221C}
		{63E9E5A5-A152-41A9-BAB8-AEA81F5EA866} = {8CF4909D-F31D-4C9F-B314-73A91B012319}
		{953D4DCD-0440-4BAD-B442-26487AFDF08C} = {EF526FF1-745E-4104-9A83-C6C95070707B}
	EndGlobalSection
	GlobalSection(ExtensibilityGlobals) = postSolution
		SolutionGuid = {21BE91E2-3357-40F4-87E4-931AA43ACDCD}
	EndGlobalSection
EndGlobal
